
Microsoft Visual Studio Solution File, Format Version 12.00
# Visual Studio Version 17
VisualStudioVersion = 17.8.34525.116
MinimumVisualStudioVersion = 10.0.40219.1
Project("{FAE04EC0-301F-11D3-BF4B-00C04F79EFBC}") = "EmployeeManagement.Api", "EmployeeManagement.Api.csproj", "{F8814466-F1F9-4645-870C-2CB533C53089}"
EndProject
Global
	GlobalSection(SolutionConfigurationPlatforms) = preSolution
		Debug|Any CPU = Debug|Any CPU
		Release|Any CPU = Release|Any CPU
	EndGlobalSection
	GlobalSection(ProjectConfigurationPlatforms) = postSolution
		{F8814466-F1F9-4645-870C-2CB533C53089}.Debug|Any CPU.ActiveCfg = Debug|Any CPU
		{F8814466-F1F9-4645-870C-2CB533C53089}.Debug|Any CPU.Build.0 = Debug|Any CPU
		{F8814466-F1F9-4645-870C-2CB533C53089}.Release|Any CPU.ActiveCfg = Release|Any CPU
		{F8814466-F1F9-4645-870C-2CB533C53089}.Release|Any CPU.Build.0 = Release|Any CPU
	EndGlobalSection
	GlobalSection(SolutionProperties) = preSolution
		HideSolutionNode = FALSE
	EndGlobalSection
	GlobalSection(ExtensibilityGlobals) = postSolution
		SolutionGuid = {BE4A405F-C2A9-43AC-8204-5106AA390505}
	EndGlobalSection
EndGlobal
